
Microsoft Visual Studio Solution File, Format Version 12.00
# Visual Studio 15
VisualStudioVersion = 15.0.28307.705
MinimumVisualStudioVersion = 10.0.40219.1
Project("{FAE04EC0-301F-11D3-BF4B-00C04F79EFBC}") = "Homework5", "Homework5\Homework5.csproj", "{129B583C-EBC4-49CC-A565-D6DC97CC9E5B}"
EndProject
Global
	GlobalSection(SolutionConfigurationPlatforms) = preSolution
		Debug|Any CPU = Debug|Any CPU
		Release|Any CPU = Release|Any CPU
	EndGlobalSection
	GlobalSection(ProjectConfigurationPlatforms) = postSolution
		{129B583C-EBC4-49CC-A565-D6DC97CC9E5B}.Debug|Any CPU.ActiveCfg = Debug|Any CPU
		{129B583C-EBC4-49CC-A565-D6DC97CC9E5B}.Debug|Any CPU.Build.0 = Debug|Any CPU
		{129B583C-EBC4-49CC-A565-D6DC97CC9E5B}.Release|Any CPU.ActiveCfg = Release|Any CPU
		{129B583C-EBC4-49CC-A565-D6DC97CC9E5B}.Release|Any CPU.Build.0 = Release|Any CPU
	EndGlobalSection
	GlobalSection(SolutionProperties) = preSolution
		HideSolutionNode = FALSE
	EndGlobalSection
	GlobalSection(ExtensibilityGlobals) = postSolution
		SolutionGuid = {9F71998F-7E3A-4492-9CB2-00F20FEF92AC}
	EndGlobalSection
EndGlobal
